// !$*UTF8*$!
{
	archiveVersion = 1;
	classes = {
	};
	objectVersion = 50;
	objects = {

/* Begin PBXBuildFile section */
		4DC1CC66212B4757001BD0E0 /* AppDelegate.swift in Sources */ = {isa = PBXBuildFile; fileRef = 4DC1CC65212B4757001BD0E0 /* AppDelegate.swift */; };
		4DC1CC6B212B4757001BD0E0 /* Main.storyboard in Resources */ = {isa = PBXBuildFile; fileRef = 4DC1CC69212B4757001BD0E0 /* Main.storyboard */; };
		4DC1CC6D212B4759001BD0E0 /* Assets.xcassets in Resources */ = {isa = PBXBuildFile; fileRef = 4DC1CC6C212B4759001BD0E0 /* Assets.xcassets */; };
		4DC1CC70212B4759001BD0E0 /* LaunchScreen.storyboard in Resources */ = {isa = PBXBuildFile; fileRef = 4DC1CC6E212B4759001BD0E0 /* LaunchScreen.storyboard */; };
		4DC1CC75212B4759001BD0E0 /* MeditationHelper WatchKit App.app in Embed Watch Content */ = {isa = PBXBuildFile; fileRef = 4DC1CC74212B4759001BD0E0 /* MeditationHelper WatchKit App.app */; };
		4DC1CC7B212B4759001BD0E0 /* Interface.storyboard in Resources */ = {isa = PBXBuildFile; fileRef = 4DC1CC79212B4759001BD0E0 /* Interface.storyboard */; };
		4DC1CC7D212B475A001BD0E0 /* Assets.xcassets in Resources */ = {isa = PBXBuildFile; fileRef = 4DC1CC7C212B475A001BD0E0 /* Assets.xcassets */; };
		4DC1CC84212B475A001BD0E0 /* MeditationHelper WatchKit Extension.appex in Embed App Extensions */ = {isa = PBXBuildFile; fileRef = 4DC1CC83212B475A001BD0E0 /* MeditationHelper WatchKit Extension.appex */; settings = {ATTRIBUTES = (RemoveHeadersOnCopy, ); }; };
		4DC1CC8B212B475A001BD0E0 /* ExtensionDelegate.swift in Sources */ = {isa = PBXBuildFile; fileRef = 4DC1CC8A212B475A001BD0E0 /* ExtensionDelegate.swift */; };
		4DC1CC8D212B475A001BD0E0 /* NotificationController.swift in Sources */ = {isa = PBXBuildFile; fileRef = 4DC1CC8C212B475A001BD0E0 /* NotificationController.swift */; };
		4DC1CC8F212B475A001BD0E0 /* ComplicationController.swift in Sources */ = {isa = PBXBuildFile; fileRef = 4DC1CC8E212B475A001BD0E0 /* ComplicationController.swift */; };
		4DC1CC91212B475B001BD0E0 /* Assets.xcassets in Resources */ = {isa = PBXBuildFile; fileRef = 4DC1CC90212B475B001BD0E0 /* Assets.xcassets */; };
/* End PBXBuildFile section */

/* Begin PBXContainerItemProxy section */
		4DC1CC76212B4759001BD0E0 /* PBXContainerItemProxy */ = {
			isa = PBXContainerItemProxy;
			containerPortal = 4DC1CC5A212B4757001BD0E0 /* Project object */;
			proxyType = 1;
			remoteGlobalIDString = 4DC1CC73212B4759001BD0E0;
			remoteInfo = "MeditationHelper WatchKit App";
		};
		4DC1CC85212B475A001BD0E0 /* PBXContainerItemProxy */ = {
			isa = PBXContainerItemProxy;
			containerPortal = 4DC1CC5A212B4757001BD0E0 /* Project object */;
			proxyType = 1;
			remoteGlobalIDString = 4DC1CC82212B475A001BD0E0;
			remoteInfo = "MeditationHelper WatchKit Extension";
		};
/* End PBXContainerItemProxy section */

/* Begin PBXCopyFilesBuildPhase section */
		4DC1CC99212B475B001BD0E0 /* Embed App Extensions */ = {
			isa = PBXCopyFilesBuildPhase;
			buildActionMask = 2147483647;
			dstPath = "";
			dstSubfolderSpec = 13;
			files = (
				4DC1CC84212B475A001BD0E0 /* MeditationHelper WatchKit Extension.appex in Embed App Extensions */,
			);
			name = "Embed App Extensions";
			runOnlyForDeploymentPostprocessing = 0;
		};
		4DC1CC9D212B475B001BD0E0 /* Embed Watch Content */ = {
			isa = PBXCopyFilesBuildPhase;
			buildActionMask = 2147483647;
			dstPath = "$(CONTENTS_FOLDER_PATH)/Watch";
			dstSubfolderSpec = 16;
			files = (
				4DC1CC75212B4759001BD0E0 /* MeditationHelper WatchKit App.app in Embed Watch Content */,
			);
			name = "Embed Watch Content";
			runOnlyForDeploymentPostprocessing = 0;
		};
/* End PBXCopyFilesBuildPhase section */

/* Begin PBXFileReference section */
		4DC1CC62212B4757001BD0E0 /* MeditationHelper.app */ = {isa = PBXFileReference; explicitFileType = wrapper.application; includeInIndex = 0; path = MeditationHelper.app; sourceTree = BUILT_PRODUCTS_DIR; };
		4DC1CC65212B4757001BD0E0 /* AppDelegate.swift */ = {isa = PBXFileReference; lastKnownFileType = sourcecode.swift; path = AppDelegate.swift; sourceTree = "<group>"; };
		4DC1CC6A212B4757001BD0E0 /* Base */ = {isa = PBXFileReference; lastKnownFileType = file.storyboard; name = Base; path = Base.lproj/Main.storyboard; sourceTree = "<group>"; };
		4DC1CC6C212B4759001BD0E0 /* Assets.xcassets */ = {isa = PBXFileReference; lastKnownFileType = folder.assetcatalog; path = Assets.xcassets; sourceTree = "<group>"; };
		4DC1CC6F212B4759001BD0E0 /* Base */ = {isa = PBXFileReference; lastKnownFileType = file.storyboard; name = Base; path = Base.lproj/LaunchScreen.storyboard; sourceTree = "<group>"; };
		4DC1CC71212B4759001BD0E0 /* Info.plist */ = {isa = PBXFileReference; lastKnownFileType = text.plist.xml; path = Info.plist; sourceTree = "<group>"; };
		4DC1CC74212B4759001BD0E0 /* MeditationHelper WatchKit App.app */ = {isa = PBXFileReference; explicitFileType = wrapper.application; includeInIndex = 0; path = "MeditationHelper WatchKit App.app"; sourceTree = BUILT_PRODUCTS_DIR; };
		4DC1CC7A212B4759001BD0E0 /* Base */ = {isa = PBXFileReference; lastKnownFileType = file.storyboard; name = Base; path = Base.lproj/Interface.storyboard; sourceTree = "<group>"; };
		4DC1CC7C212B475A001BD0E0 /* Assets.xcassets */ = {isa = PBXFileReference; lastKnownFileType = folder.assetcatalog; path = Assets.xcassets; sourceTree = "<group>"; };
		4DC1CC7E212B475A001BD0E0 /* Info.plist */ = {isa = PBXFileReference; lastKnownFileType = text.plist.xml; path = Info.plist; sourceTree = "<group>"; };
		4DC1CC83212B475A001BD0E0 /* MeditationHelper WatchKit Extension.appex */ = {isa = PBXFileReference; explicitFileType = "wrapper.app-extension"; includeInIndex = 0; path = "MeditationHelper WatchKit Extension.appex"; sourceTree = BUILT_PRODUCTS_DIR; };
		4DC1CC8A212B475A001BD0E0 /* ExtensionDelegate.swift */ = {isa = PBXFileReference; lastKnownFileType = sourcecode.swift; path = ExtensionDelegate.swift; sourceTree = "<group>"; };
		4DC1CC8C212B475A001BD0E0 /* NotificationController.swift */ = {isa = PBXFileReference; lastKnownFileType = sourcecode.swift; path = NotificationController.swift; sourceTree = "<group>"; };
		4DC1CC8E212B475A001BD0E0 /* ComplicationController.swift */ = {isa = PBXFileReference; lastKnownFileType = sourcecode.swift; path = ComplicationController.swift; sourceTree = "<group>"; };
		4DC1CC90212B475B001BD0E0 /* Assets.xcassets */ = {isa = PBXFileReference; lastKnownFileType = folder.assetcatalog; path = Assets.xcassets; sourceTree = "<group>"; };
		4DC1CC92212B475B001BD0E0 /* Info.plist */ = {isa = PBXFileReference; lastKnownFileType = text.plist.xml; path = Info.plist; sourceTree = "<group>"; };
		4DC1CC93212B475B001BD0E0 /* PushNotificationPayload.apns */ = {isa = PBXFileReference; lastKnownFileType = text; path = PushNotificationPayload.apns; sourceTree = "<group>"; };
/* End PBXFileReference section */

/* Begin PBXFrameworksBuildPhase section */
		4DC1CC5F212B4757001BD0E0 /* Frameworks */ = {
			isa = PBXFrameworksBuildPhase;
			buildActionMask = 2147483647;
			files = (
			);
			runOnlyForDeploymentPostprocessing = 0;
		};
		4DC1CC80212B475A001BD0E0 /* Frameworks */ = {
			isa = PBXFrameworksBuildPhase;
			buildActionMask = 2147483647;
			files = (
			);
			runOnlyForDeploymentPostprocessing = 0;
		};
/* End PBXFrameworksBuildPhase section */

/* Begin PBXGroup section */
		4DC1CC59212B4757001BD0E0 = {
			isa = PBXGroup;
			children = (
				4DC1CC64212B4757001BD0E0 /* MeditationHelper */,
				4DC1CC78212B4759001BD0E0 /* MeditationHelper WatchKit App */,
				4DC1CC87212B475A001BD0E0 /* MeditationHelper WatchKit Extension */,
				4DC1CC63212B4757001BD0E0 /* Products */,
			);
			sourceTree = "<group>";
		};
		4DC1CC63212B4757001BD0E0 /* Products */ = {
			isa = PBXGroup;
			children = (
				4DC1CC62212B4757001BD0E0 /* MeditationHelper.app */,
				4DC1CC74212B4759001BD0E0 /* MeditationHelper WatchKit App.app */,
				4DC1CC83212B475A001BD0E0 /* MeditationHelper WatchKit Extension.appex */,
			);
			name = Products;
			sourceTree = "<group>";
		};
		4DC1CC64212B4757001BD0E0 /* MeditationHelper */ = {
			isa = PBXGroup;
			children = (
				4DC1CC65212B4757001BD0E0 /* AppDelegate.swift */,
				4DC1CC69212B4757001BD0E0 /* Main.storyboard */,
				4DC1CC71212B4759001BD0E0 /* Info.plist */,
				4DC1CCA1212B4789001BD0E0 /* Resources */,
			);
			path = MeditationHelper;
			sourceTree = "<group>";
		};
		4DC1CC78212B4759001BD0E0 /* MeditationHelper WatchKit App */ = {
			isa = PBXGroup;
			children = (
				4DC1CC79212B4759001BD0E0 /* Interface.storyboard */,
				4DC1CC7E212B475A001BD0E0 /* Info.plist */,
				4DC1CCA2212B47AB001BD0E0 /* Resources */,
			);
			path = "MeditationHelper WatchKit App";
			sourceTree = "<group>";
		};
		4DC1CC87212B475A001BD0E0 /* MeditationHelper WatchKit Extension */ = {
			isa = PBXGroup;
			children = (
				4DC1CC8A212B475A001BD0E0 /* ExtensionDelegate.swift */,
				4DC1CC8C212B475A001BD0E0 /* NotificationController.swift */,
				4DC1CC8E212B475A001BD0E0 /* ComplicationController.swift */,
				4DC1CC90212B475B001BD0E0 /* Assets.xcassets */,
				4DC1CC92212B475B001BD0E0 /* Info.plist */,
				4DC1CC93212B475B001BD0E0 /* PushNotificationPayload.apns */,
			);
			path = "MeditationHelper WatchKit Extension";
			sourceTree = "<group>";
		};
		4DC1CCA1212B4789001BD0E0 /* Resources */ = {
			isa = PBXGroup;
			children = (
				4DC1CC6C212B4759001BD0E0 /* Assets.xcassets */,
				4DC1CC6E212B4759001BD0E0 /* LaunchScreen.storyboard */,
			);
			path = Resources;
			sourceTree = "<group>";
		};
		4DC1CCA2212B47AB001BD0E0 /* Resources */ = {
			isa = PBXGroup;
			children = (
				4DC1CC7C212B475A001BD0E0 /* Assets.xcassets */,
			);
			path = Resources;
			sourceTree = "<group>";
		};
/* End PBXGroup section */

/* Begin PBXNativeTarget section */
		4DC1CC61212B4757001BD0E0 /* MeditationHelper */ = {
			isa = PBXNativeTarget;
			buildConfigurationList = 4DC1CC9E212B475B001BD0E0 /* Build configuration list for PBXNativeTarget "MeditationHelper" */;
			buildPhases = (
				4DC1CC5E212B4757001BD0E0 /* Sources */,
				4DC1CC5F212B4757001BD0E0 /* Frameworks */,
				4DC1CC60212B4757001BD0E0 /* Resources */,
				4DC1CC9D212B475B001BD0E0 /* Embed Watch Content */,
			);
			buildRules = (
			);
			dependencies = (
				4DC1CC77212B4759001BD0E0 /* PBXTargetDependency */,
			);
			name = MeditationHelper;
			productName = MeditationHelper;
			productReference = 4DC1CC62212B4757001BD0E0 /* MeditationHelper.app */;
			productType = "com.apple.product-type.application";
		};
		4DC1CC73212B4759001BD0E0 /* MeditationHelper WatchKit App */ = {
			isa = PBXNativeTarget;
			buildConfigurationList = 4DC1CC9A212B475B001BD0E0 /* Build configuration list for PBXNativeTarget "MeditationHelper WatchKit App" */;
			buildPhases = (
				4DC1CC72212B4759001BD0E0 /* Resources */,
				4DC1CC99212B475B001BD0E0 /* Embed App Extensions */,
			);
			buildRules = (
			);
			dependencies = (
				4DC1CC86212B475A001BD0E0 /* PBXTargetDependency */,
			);
			name = "MeditationHelper WatchKit App";
			productName = "MeditationHelper WatchKit App";
			productReference = 4DC1CC74212B4759001BD0E0 /* MeditationHelper WatchKit App.app */;
			productType = "com.apple.product-type.application.watchapp2";
		};
		4DC1CC82212B475A001BD0E0 /* MeditationHelper WatchKit Extension */ = {
			isa = PBXNativeTarget;
			buildConfigurationList = 4DC1CC96212B475B001BD0E0 /* Build configuration list for PBXNativeTarget "MeditationHelper WatchKit Extension" */;
			buildPhases = (
				4DC1CC7F212B475A001BD0E0 /* Sources */,
				4DC1CC80212B475A001BD0E0 /* Frameworks */,
				4DC1CC81212B475A001BD0E0 /* Resources */,
			);
			buildRules = (
			);
			dependencies = (
			);
			name = "MeditationHelper WatchKit Extension";
			productName = "MeditationHelper WatchKit Extension";
			productReference = 4DC1CC83212B475A001BD0E0 /* MeditationHelper WatchKit Extension.appex */;
			productType = "com.apple.product-type.watchkit2-extension";
		};
/* End PBXNativeTarget section */

/* Begin PBXProject section */
		4DC1CC5A212B4757001BD0E0 /* Project object */ = {
			isa = PBXProject;
			attributes = {
				LastSwiftUpdateCheck = 0940;
				LastUpgradeCheck = 0940;
				ORGANIZATIONNAME = Colton;
				TargetAttributes = {
					4DC1CC61212B4757001BD0E0 = {
						CreatedOnToolsVersion = 9.4.1;
					};
					4DC1CC73212B4759001BD0E0 = {
						CreatedOnToolsVersion = 9.4.1;
					};
					4DC1CC82212B475A001BD0E0 = {
						CreatedOnToolsVersion = 9.4.1;
					};
				};
			};
			buildConfigurationList = 4DC1CC5D212B4757001BD0E0 /* Build configuration list for PBXProject "MeditationHelper" */;
			compatibilityVersion = "Xcode 9.3";
			developmentRegion = en;
			hasScannedForEncodings = 0;
			knownRegions = (
				en,
				Base,
			);
			mainGroup = 4DC1CC59212B4757001BD0E0;
			productRefGroup = 4DC1CC63212B4757001BD0E0 /* Products */;
			projectDirPath = "";
			projectRoot = "";
			targets = (
				4DC1CC61212B4757001BD0E0 /* MeditationHelper */,
				4DC1CC73212B4759001BD0E0 /* MeditationHelper WatchKit App */,
				4DC1CC82212B475A001BD0E0 /* MeditationHelper WatchKit Extension */,
			);
		};
/* End PBXProject section */

/* Begin PBXResourcesBuildPhase section */
		4DC1CC60212B4757001BD0E0 /* Resources */ = {
			isa = PBXResourcesBuildPhase;
			buildActionMask = 2147483647;
			files = (
				4DC1CC70212B4759001BD0E0 /* LaunchScreen.storyboard in Resources */,
				4DC1CC6D212B4759001BD0E0 /* Assets.xcassets in Resources */,
				4DC1CC6B212B4757001BD0E0 /* Main.storyboard in Resources */,
			);
			runOnlyForDeploymentPostprocessing = 0;
		};
		4DC1CC72212B4759001BD0E0 /* Resources */ = {
			isa = PBXResourcesBuildPhase;
			buildActionMask = 2147483647;
			files = (
				4DC1CC7D212B475A001BD0E0 /* Assets.xcassets in Resources */,
				4DC1CC7B212B4759001BD0E0 /* Interface.storyboard in Resources */,
			);
			runOnlyForDeploymentPostprocessing = 0;
		};
		4DC1CC81212B475A001BD0E0 /* Resources */ = {
			isa = PBXResourcesBuildPhase;
			buildActionMask = 2147483647;
			files = (
				4DC1CC91212B475B001BD0E0 /* Assets.xcassets in Resources */,
			);
			runOnlyForDeploymentPostprocessing = 0;
		};
/* End PBXResourcesBuildPhase section */

/* Begin PBXSourcesBuildPhase section */
		4DC1CC5E212B4757001BD0E0 /* Sources */ = {
			isa = PBXSourcesBuildPhase;
			buildActionMask = 2147483647;
			files = (
				4DC1CC66212B4757001BD0E0 /* AppDelegate.swift in Sources */,
			);
			runOnlyForDeploymentPostprocessing = 0;
		};
		4DC1CC7F212B475A001BD0E0 /* Sources */ = {
			isa = PBXSourcesBuildPhase;
			buildActionMask = 2147483647;
			files = (
				4DC1CC8D212B475A001BD0E0 /* NotificationController.swift in Sources */,
				4DC1CC8F212B475A001BD0E0 /* ComplicationController.swift in Sources */,
				4DC1CC8B212B475A001BD0E0 /* ExtensionDelegate.swift in Sources */,
			);
			runOnlyForDeploymentPostprocessing = 0;
		};
/* End PBXSourcesBuildPhase section */

/* Begin PBXTargetDependency section */
		4DC1CC77212B4759001BD0E0 /* PBXTargetDependency */ = {
			isa = PBXTargetDependency;
			target = 4DC1CC73212B4759001BD0E0 /* MeditationHelper WatchKit App */;
			targetProxy = 4DC1CC76212B4759001BD0E0 /* PBXContainerItemProxy */;
		};
		4DC1CC86212B475A001BD0E0 /* PBXTargetDependency */ = {
			isa = PBXTargetDependency;
			target = 4DC1CC82212B475A001BD0E0 /* MeditationHelper WatchKit Extension */;
			targetProxy = 4DC1CC85212B475A001BD0E0 /* PBXContainerItemProxy */;
		};
/* End PBXTargetDependency section */

/* Begin PBXVariantGroup section */
		4DC1CC69212B4757001BD0E0 /* Main.storyboard */ = {
			isa = PBXVariantGroup;
			children = (
				4DC1CC6A212B4757001BD0E0 /* Base */,
			);
			name = Main.storyboard;
			sourceTree = "<group>";
		};
		4DC1CC6E212B4759001BD0E0 /* LaunchScreen.storyboard */ = {
			isa = PBXVariantGroup;
			children = (
				4DC1CC6F212B4759001BD0E0 /* Base */,
			);
			name = LaunchScreen.storyboard;
			sourceTree = "<group>";
		};
		4DC1CC79212B4759001BD0E0 /* Interface.storyboard */ = {
			isa = PBXVariantGroup;
			children = (
				4DC1CC7A212B4759001BD0E0 /* Base */,
			);
			name = Interface.storyboard;
			sourceTree = "<group>";
		};
/* End PBXVariantGroup section */

/* Begin XCBuildConfiguration section */
		4DC1CC94212B475B001BD0E0 /* Debug */ = {
			isa = XCBuildConfiguration;
			buildSettings = {
				ALWAYS_SEARCH_USER_PATHS = NO;
				CLANG_ANALYZER_NONNULL = YES;
				CLANG_ANALYZER_NUMBER_OBJECT_CONVERSION = YES_AGGRESSIVE;
				CLANG_CXX_LANGUAGE_STANDARD = "gnu++14";
				CLANG_CXX_LIBRARY = "libc++";
				CLANG_ENABLE_MODULES = YES;
				CLANG_ENABLE_OBJC_ARC = YES;
				CLANG_ENABLE_OBJC_WEAK = YES;
				CLANG_WARN_BLOCK_CAPTURE_AUTORELEASING = YES;
				CLANG_WARN_BOOL_CONVERSION = YES;
				CLANG_WARN_COMMA = YES;
				CLANG_WARN_CONSTANT_CONVERSION = YES;
				CLANG_WARN_DEPRECATED_OBJC_IMPLEMENTATIONS = YES;
				CLANG_WARN_DIRECT_OBJC_ISA_USAGE = YES_ERROR;
				CLANG_WARN_DOCUMENTATION_COMMENTS = YES;
				CLANG_WARN_EMPTY_BODY = YES;
				CLANG_WARN_ENUM_CONVERSION = YES;
				CLANG_WARN_INFINITE_RECURSION = YES;
				CLANG_WARN_INT_CONVERSION = YES;
				CLANG_WARN_NON_LITERAL_NULL_CONVERSION = YES;
				CLANG_WARN_OBJC_IMPLICIT_RETAIN_SELF = YES;
				CLANG_WARN_OBJC_LITERAL_CONVERSION = YES;
				CLANG_WARN_OBJC_ROOT_CLASS = YES_ERROR;
				CLANG_WARN_RANGE_LOOP_ANALYSIS = YES;
				CLANG_WARN_STRICT_PROTOTYPES = YES;
				CLANG_WARN_SUSPICIOUS_MOVE = YES;
				CLANG_WARN_UNGUARDED_AVAILABILITY = YES_AGGRESSIVE;
				CLANG_WARN_UNREACHABLE_CODE = YES;
				CLANG_WARN__DUPLICATE_METHOD_MATCH = YES;
				CODE_SIGN_IDENTITY = "iPhone Developer";
				COPY_PHASE_STRIP = NO;
				DEBUG_INFORMATION_FORMAT = dwarf;
				ENABLE_STRICT_OBJC_MSGSEND = YES;
				ENABLE_TESTABILITY = YES;
				GCC_C_LANGUAGE_STANDARD = gnu11;
				GCC_DYNAMIC_NO_PIC = NO;
				GCC_NO_COMMON_BLOCKS = YES;
				GCC_OPTIMIZATION_LEVEL = 0;
				GCC_PREPROCESSOR_DEFINITIONS = (
					"DEBUG=1",
					"$(inherited)",
				);
				GCC_WARN_64_TO_32_BIT_CONVERSION = YES;
				GCC_WARN_ABOUT_RETURN_TYPE = YES_ERROR;
				GCC_WARN_UNDECLARED_SELECTOR = YES;
				GCC_WARN_UNINITIALIZED_AUTOS = YES_AGGRESSIVE;
				GCC_WARN_UNUSED_FUNCTION = YES;
				GCC_WARN_UNUSED_VARIABLE = YES;
				IPHONEOS_DEPLOYMENT_TARGET = 11.4;
				MTL_ENABLE_DEBUG_INFO = YES;
				ONLY_ACTIVE_ARCH = YES;
				SDKROOT = iphoneos;
				SWIFT_ACTIVE_COMPILATION_CONDITIONS = DEBUG;
				SWIFT_OPTIMIZATION_LEVEL = "-Onone";
			};
			name = Debug;
		};
		4DC1CC95212B475B001BD0E0 /* Release */ = {
			isa = XCBuildConfiguration;
			buildSettings = {
				ALWAYS_SEARCH_USER_PATHS = NO;
				CLANG_ANALYZER_NONNULL = YES;
				CLANG_ANALYZER_NUMBER_OBJECT_CONVERSION = YES_AGGRESSIVE;
				CLANG_CXX_LANGUAGE_STANDARD = "gnu++14";
				CLANG_CXX_LIBRARY = "libc++";
				CLANG_ENABLE_MODULES = YES;
				CLANG_ENABLE_OBJC_ARC = YES;
				CLANG_ENABLE_OBJC_WEAK = YES;
				CLANG_WARN_BLOCK_CAPTURE_AUTORELEASING = YES;
				CLANG_WARN_BOOL_CONVERSION = YES;
				CLANG_WARN_COMMA = YES;
				CLANG_WARN_CONSTANT_CONVERSION = YES;
				CLANG_WARN_DEPRECATED_OBJC_IMPLEMENTATIONS = YES;
				CLANG_WARN_DIRECT_OBJC_ISA_USAGE = YES_ERROR;
				CLANG_WARN_DOCUMENTATION_COMMENTS = YES;
				CLANG_WARN_EMPTY_BODY = YES;
				CLANG_WARN_ENUM_CONVERSION = YES;
				CLANG_WARN_INFINITE_RECURSION = YES;
				CLANG_WARN_INT_CONVERSION = YES;
				CLANG_WARN_NON_LITERAL_NULL_CONVERSION = YES;
				CLANG_WARN_OBJC_IMPLICIT_RETAIN_SELF = YES;
				CLANG_WARN_OBJC_LITERAL_CONVERSION = YES;
				CLANG_WARN_OBJC_ROOT_CLASS = YES_ERROR;
				CLANG_WARN_RANGE_LOOP_ANALYSIS = YES;
				CLANG_WARN_STRICT_PROTOTYPES = YES;
				CLANG_WARN_SUSPICIOUS_MOVE = YES;
				CLANG_WARN_UNGUARDED_AVAILABILITY = YES_AGGRESSIVE;
				CLANG_WARN_UNREACHABLE_CODE = YES;
				CLANG_WARN__DUPLICATE_METHOD_MATCH = YES;
				CODE_SIGN_IDENTITY = "iPhone Developer";
				COPY_PHASE_STRIP = NO;
				DEBUG_INFORMATION_FORMAT = "dwarf-with-dsym";
				ENABLE_NS_ASSERTIONS = NO;
				ENABLE_STRICT_OBJC_MSGSEND = YES;
				GCC_C_LANGUAGE_STANDARD = gnu11;
				GCC_NO_COMMON_BLOCKS = YES;
				GCC_WARN_64_TO_32_BIT_CONVERSION = YES;
				GCC_WARN_ABOUT_RETURN_TYPE = YES_ERROR;
				GCC_WARN_UNDECLARED_SELECTOR = YES;
				GCC_WARN_UNINITIALIZED_AUTOS = YES_AGGRESSIVE;
				GCC_WARN_UNUSED_FUNCTION = YES;
				GCC_WARN_UNUSED_VARIABLE = YES;
				IPHONEOS_DEPLOYMENT_TARGET = 11.4;
				MTL_ENABLE_DEBUG_INFO = NO;
				SDKROOT = iphoneos;
				SWIFT_COMPILATION_MODE = wholemodule;
				SWIFT_OPTIMIZATION_LEVEL = "-O";
				VALIDATE_PRODUCT = YES;
			};
			name = Release;
		};
		4DC1CC97212B475B001BD0E0 /* Debug */ = {
			isa = XCBuildConfiguration;
			buildSettings = {
				ASSETCATALOG_COMPILER_COMPLICATION_NAME = Complication;
				CODE_SIGN_STYLE = Automatic;
				DEVELOPMENT_TEAM = P3B9MPU7J2;
				INFOPLIST_FILE = "MeditationHelper WatchKit Extension/Info.plist";
				LD_RUNPATH_SEARCH_PATHS = (
					"$(inherited)",
					"@executable_path/Frameworks",
					"@executable_path/../../Frameworks",
				);
				PRODUCT_BUNDLE_IDENTIFIER = com.colton.MeditationHelper.watchkitapp.watchkitextension;
				PRODUCT_NAME = "${TARGET_NAME}";
				SDKROOT = watchos;
				SKIP_INSTALL = YES;
				SWIFT_VERSION = 4.0;
				TARGETED_DEVICE_FAMILY = 4;
				WATCHOS_DEPLOYMENT_TARGET = 4.3;
			};
			name = Debug;
		};
		4DC1CC98212B475B001BD0E0 /* Release */ = {
			isa = XCBuildConfiguration;
			buildSettings = {
				ASSETCATALOG_COMPILER_COMPLICATION_NAME = Complication;
				CODE_SIGN_STYLE = Automatic;
				DEVELOPMENT_TEAM = P3B9MPU7J2;
				INFOPLIST_FILE = "MeditationHelper WatchKit Extension/Info.plist";
				LD_RUNPATH_SEARCH_PATHS = (
					"$(inherited)",
					"@executable_path/Frameworks",
					"@executable_path/../../Frameworks",
				);
				PRODUCT_BUNDLE_IDENTIFIER = com.colton.MeditationHelper.watchkitapp.watchkitextension;
				PRODUCT_NAME = "${TARGET_NAME}";
				SDKROOT = watchos;
				SKIP_INSTALL = YES;
				SWIFT_VERSION = 4.0;
				TARGETED_DEVICE_FAMILY = 4;
				WATCHOS_DEPLOYMENT_TARGET = 4.3;
			};
			name = Release;
		};
		4DC1CC9B212B475B001BD0E0 /* Debug */ = {
			isa = XCBuildConfiguration;
			buildSettings = {
				ALWAYS_EMBED_SWIFT_STANDARD_LIBRARIES = YES;
				ASSETCATALOG_COMPILER_APPICON_NAME = AppIcon;
				CODE_SIGN_STYLE = Automatic;
				DEVELOPMENT_TEAM = P3B9MPU7J2;
				IBSC_MODULE = MeditationHelper_WatchKit_Extension;
				INFOPLIST_FILE = "MeditationHelper WatchKit App/Info.plist";
				PRODUCT_BUNDLE_IDENTIFIER = com.colton.MeditationHelper.watchkitapp;
				PRODUCT_NAME = "$(TARGET_NAME)";
				SDKROOT = watchos;
				SKIP_INSTALL = YES;
				SWIFT_VERSION = 4.0;
				TARGETED_DEVICE_FAMILY = 4;
				WATCHOS_DEPLOYMENT_TARGET = 4.3;
			};
			name = Debug;
		};
		4DC1CC9C212B475B001BD0E0 /* Release */ = {
			isa = XCBuildConfiguration;
			buildSettings = {
				ALWAYS_EMBED_SWIFT_STANDARD_LIBRARIES = YES;
				ASSETCATALOG_COMPILER_APPICON_NAME = AppIcon;
				CODE_SIGN_STYLE = Automatic;
				DEVELOPMENT_TEAM = P3B9MPU7J2;
				IBSC_MODULE = MeditationHelper_WatchKit_Extension;
				INFOPLIST_FILE = "MeditationHelper WatchKit App/Info.plist";
				PRODUCT_BUNDLE_IDENTIFIER = com.colton.MeditationHelper.watchkitapp;
				PRODUCT_NAME = "$(TARGET_NAME)";
				SDKROOT = watchos;
				SKIP_INSTALL = YES;
				SWIFT_VERSION = 4.0;
				TARGETED_DEVICE_FAMILY = 4;
				WATCHOS_DEPLOYMENT_TARGET = 4.3;
			};
			name = Release;
		};
		4DC1CC9F212B475B001BD0E0 /* Debug */ = {
			isa = XCBuildConfiguration;
			buildSettings = {
				ASSETCATALOG_COMPILER_APPICON_NAME = AppIcon;
				CODE_SIGN_STYLE = Automatic;
				DEVELOPMENT_TEAM = P3B9MPU7J2;
				INFOPLIST_FILE = MeditationHelper/Info.plist;
				LD_RUNPATH_SEARCH_PATHS = (
					"$(inherited)",
					"@executable_path/Frameworks",
				);
				PRODUCT_BUNDLE_IDENTIFIER = com.colton.MeditationHelper;
				PRODUCT_NAME = "$(TARGET_NAME)";
				SWIFT_VERSION = 4.0;
				TARGETED_DEVICE_FAMILY = "1,2";
			};
			name = Debug;
		};
		4DC1CCA0212B475B001BD0E0 /* Release */ = {
			isa = XCBuildConfiguration;
			buildSettings = {
				ASSETCATALOG_COMPILER_APPICON_NAME = AppIcon;
				CODE_SIGN_STYLE = Automatic;
				DEVELOPMENT_TEAM = P3B9MPU7J2;
				INFOPLIST_FILE = MeditationHelper/Info.plist;
				LD_RUNPATH_SEARCH_PATHS = (
					"$(inherited)",
					"@executable_path/Frameworks",
				);
				PRODUCT_BUNDLE_IDENTIFIER = com.colton.MeditationHelper;
				PRODUCT_NAME = "$(TARGET_NAME)";
				SWIFT_VERSION = 4.0;
				TARGETED_DEVICE_FAMILY = "1,2";
			};
			name = Release;
		};
/* End XCBuildConfiguration section */

/* Begin XCConfigurationList section */
		4DC1CC5D212B4757001BD0E0 /* Build configuration list for PBXProject "MeditationHelper" */ = {
			isa = XCConfigurationList;
			buildConfigurations = (
				4DC1CC94212B475B001BD0E0 /* Debug */,
				4DC1CC95212B475B001BD0E0 /* Release */,
			);
			defaultConfigurationIsVisible = 0;
			defaultConfigurationName = Release;
		};
		4DC1CC96212B475B001BD0E0 /* Build configuration list for PBXNativeTarget "MeditationHelper WatchKit Extension" */ = {
			isa = XCConfigurationList;
			buildConfigurations = (
				4DC1CC97212B475B001BD0E0 /* Debug */,
				4DC1CC98212B475B001BD0E0 /* Release */,
			);
			defaultConfigurationIsVisible = 0;
			defaultConfigurationName = Release;
		};
		4DC1CC9A212B475B001BD0E0 /* Build configuration list for PBXNativeTarget "MeditationHelper WatchKit App" */ = {
			isa = XCConfigurationList;
			buildConfigurations = (
				4DC1CC9B212B475B001BD0E0 /* Debug */,
				4DC1CC9C212B475B001BD0E0 /* Release */,
			);
			defaultConfigurationIsVisible = 0;
			defaultConfigurationName = Release;
		};
		4DC1CC9E212B475B001BD0E0 /* Build configuration list for PBXNativeTarget "MeditationHelper" */ = {
			isa = XCConfigurationList;
			buildConfigurations = (
				4DC1CC9F212B475B001BD0E0 /* Debug */,
				4DC1CCA0212B475B001BD0E0 /* Release */,
			);
			defaultConfigurationIsVisible = 0;
			defaultConfigurationName = Release;
		};
/* End XCConfigurationList section */
	};
	rootObject = 4DC1CC5A212B4757001BD0E0 /* Project object */;
}
